
Microsoft Visual Studio Solution File, Format Version 12.00
# Visual Studio Version 17
VisualStudioVersion = 17.8.34330.188
MinimumVisualStudioVersion = 10.0.40219.1
Project("{9A19103F-16F7-4668-BE54-9A1E7A4F7556}") = "ZP_Filapek_Felkel_Makowiejczuk", "ZP_Filapek_Felkel_Makowiejczuk\ZP_Filapek_Felkel_Makowiejczuk.csproj", "{EA060D8D-C30E-4EC1-B25B-AAF5247D6EBE}"
EndProject
Project("{9A19103F-16F7-4668-BE54-9A1E7A4F7556}") = "Data", "Data\Data.csproj", "{69A8A49F-A639-4A59-9F29-8D9F8329D8A4}"
EndProject
Project("{FAE04EC0-301F-11D3-BF4B-00C04F79EFBC}") = "GenerateDataBogus", "GenerateDataHumanizer\GenerateDataBogus.csproj", "{0C616566-E271-404E-8324-11655124ADD8}"
EndProject
Global
	GlobalSection(SolutionConfigurationPlatforms) = preSolution
		Debug|Any CPU = Debug|Any CPU
		Release|Any CPU = Release|Any CPU
	EndGlobalSection
	GlobalSection(ProjectConfigurationPlatforms) = postSolution
		{EA060D8D-C30E-4EC1-B25B-AAF5247D6EBE}.Debug|Any CPU.ActiveCfg = Debug|Any CPU
		{EA060D8D-C30E-4EC1-B25B-AAF5247D6EBE}.Debug|Any CPU.Build.0 = Debug|Any CPU
		{EA060D8D-C30E-4EC1-B25B-AAF5247D6EBE}.Release|Any CPU.ActiveCfg = Release|Any CPU
		{EA060D8D-C30E-4EC1-B25B-AAF5247D6EBE}.Release|Any CPU.Build.0 = Release|Any CPU
		{69A8A49F-A639-4A59-9F29-8D9F8329D8A4}.Debug|Any CPU.ActiveCfg = Debug|Any CPU
		{69A8A49F-A639-4A59-9F29-8D9F8329D8A4}.Debug|Any CPU.Build.0 = Debug|Any CPU
		{69A8A49F-A639-4A59-9F29-8D9F8329D8A4}.Release|Any CPU.ActiveCfg = Release|Any CPU
		{69A8A49F-A639-4A59-9F29-8D9F8329D8A4}.Release|Any CPU.Build.0 = Release|Any CPU
		{0C616566-E271-404E-8324-11655124ADD8}.Debug|Any CPU.ActiveCfg = Debug|Any CPU
		{0C616566-E271-404E-8324-11655124ADD8}.Debug|Any CPU.Build.0 = Debug|Any CPU
		{0C616566-E271-404E-8324-11655124ADD8}.Release|Any CPU.ActiveCfg = Release|Any CPU
		{0C616566-E271-404E-8324-11655124ADD8}.Release|Any CPU.Build.0 = Release|Any CPU
	EndGlobalSection
	GlobalSection(SolutionProperties) = preSolution
		HideSolutionNode = FALSE
	EndGlobalSection
	GlobalSection(ExtensibilityGlobals) = postSolution
		SolutionGuid = {28C1D23D-F519-4726-9056-2C0D577832A9}
	EndGlobalSection
EndGlobal
